<?xml version="1.0" encoding="utf-8"?>
<Project ToolsVersion="4.0" xmlns="http://schemas.microsoft.com/developer/msbuild/2003">
  <ItemGroup>
    <Filter Include="Source Files">
      <UniqueIdentifier>{4FC737F1-C7A5-4376-A066-2A32D752A2FF}</UniqueIdentifier>
      <Extensions>cpp;c;cc;cxx;c++;cppm;ixx;def;odl;idl;hpj;bat;asm;asmx</Extensions>
    </Filter>
    <Filter Include="Source Files\System">
      <UniqueIdentifier>{e5e8baca-5721-45fd-b0dd-71975dd79fcb}</UniqueIdentifier>
    </Filter>
    <Filter Include="Source Files\Units">
      <UniqueIdentifier>{ad55923a-041b-4daf-820e-4d66ec292470}</UniqueIdentifier>
    </Filter>
    <Filter Include="Source Files\System\Windows">
      <UniqueIdentifier>{7b1f7f3a-cae9-4029-9d37-13525fc033a4}</UniqueIdentifier>
    </Filter>
    <Filter Include="Source Files\Data">
      <UniqueIdentifier>{95e58730-175e-421b-803c-244888abd34b}</UniqueIdentifier>
    </Filter>
  </ItemGroup>
  <ItemGroup>
    <ClCompile Include="ConsoleApp.cpp">
      <Filter>Source Files\System</Filter>
    </ClCompile>
    <ClCompile Include="Unit.cpp">
      <Filter>Source Files\Units</Filter>
    </ClCompile>
    <ClCompile Include="Map.cpp">
      <Filter>Source Files\Units</Filter>
    </ClCompile>
    <ClCompile Include="Main.cpp">
      <Filter>Source Files\System\Windows</Filter>
    </ClCompile>
    <ClCompile Include="HighResClock.cpp">
      <Filter>Source Files\System\Windows</Filter>
    </ClCompile>
    <ClCompile Include="SSEVector.cpp">
      <Filter>Source Files\Data</Filter>
    </ClCompile>
  </ItemGroup>
  <ItemGroup>
    <ClInclude Include="ConsoleApp.h">
      <Filter>Source Files\System</Filter>
    </ClInclude>
    <ClInclude Include="Unit.h">
      <Filter>Source Files\Units</Filter>
    </ClInclude>
    <ClInclude Include="Map.h">
      <Filter>Source Files\Units</Filter>
    </ClInclude>
    <ClInclude Include="WinMin.h">
      <Filter>Source Files\System\Windows</Filter>
    </ClInclude>
    <ClInclude Include="DataClasses.h">
      <Filter>Source Files\Data</Filter>
    </ClInclude>
    <ClInclude Include="SSEVector.h">
      <Filter>Source Files\Data</Filter>
    </ClInclude>
    <ClInclude Include="HighResClock.h">
      <Filter>Source Files\System\Windows</Filter>
    </ClInclude>
  </ItemGroup>
</Project>